// !$*UTF8*$!
{
	archiveVersion = 1;
	classes = {
	};
	objectVersion = 50;
	objects = {

/* Begin PBXBuildFile section */
		908FE66525F5A30A007FBD3A /* LandmarksApp.swift in Sources */ = {isa = PBXBuildFile; fileRef = 908FE66425F5A30A007FBD3A /* LandmarksApp.swift */; };
		908FE66725F5A30A007FBD3A /* ContentView.swift in Sources */ = {isa = PBXBuildFile; fileRef = 908FE66625F5A30A007FBD3A /* ContentView.swift */; };
		908FE66925F5A30B007FBD3A /* Assets.xcassets in Resources */ = {isa = PBXBuildFile; fileRef = 908FE66825F5A30B007FBD3A /* Assets.xcassets */; };
		908FE66C25F5A30B007FBD3A /* Preview Assets.xcassets in Resources */ = {isa = PBXBuildFile; fileRef = 908FE66B25F5A30B007FBD3A /* Preview Assets.xcassets */; };
		908FE67E25F5A89B007FBD3A /* CircleImage.swift in Sources */ = {isa = PBXBuildFile; fileRef = 908FE67D25F5A89B007FBD3A /* CircleImage.swift */; };
		908FE68125F5A935007FBD3A /* MapView.swift in Sources */ = {isa = PBXBuildFile; fileRef = 908FE68025F5A935007FBD3A /* MapView.swift */; };
		908FE68425F5AE20007FBD3A /* landmarkData.json in Resources */ = {isa = PBXBuildFile; fileRef = 908FE68325F5AE20007FBD3A /* landmarkData.json */; };
		908FE68725F5AE4C007FBD3A /* Landmark.swift in Sources */ = {isa = PBXBuildFile; fileRef = 908FE68625F5AE4C007FBD3A /* Landmark.swift */; };
		908FE68B25F5AF9A007FBD3A /* ModelData.swift in Sources */ = {isa = PBXBuildFile; fileRef = 908FE68A25F5AF9A007FBD3A /* ModelData.swift */; };
		908FE69125F5B0E5007FBD3A /* LandmarkRow.swift in Sources */ = {isa = PBXBuildFile; fileRef = 908FE69025F5B0E5007FBD3A /* LandmarkRow.swift */; };
		908FE69425F5B23E007FBD3A /* LandmarkList.swift in Sources */ = {isa = PBXBuildFile; fileRef = 908FE69325F5B23E007FBD3A /* LandmarkList.swift */; };
		908FE69725F5B439007FBD3A /* LandmarkDetail.swift in Sources */ = {isa = PBXBuildFile; fileRef = 908FE69625F5B439007FBD3A /* LandmarkDetail.swift */; };
/* End PBXBuildFile section */

/* Begin PBXFileReference section */
		908FE66125F5A30A007FBD3A /* Landmarks.app */ = {isa = PBXFileReference; explicitFileType = wrapper.application; includeInIndex = 0; path = Landmarks.app; sourceTree = BUILT_PRODUCTS_DIR; };
		908FE66425F5A30A007FBD3A /* LandmarksApp.swift */ = {isa = PBXFileReference; lastKnownFileType = sourcecode.swift; path = LandmarksApp.swift; sourceTree = "<group>"; };
		908FE66625F5A30A007FBD3A /* ContentView.swift */ = {isa = PBXFileReference; lastKnownFileType = sourcecode.swift; path = ContentView.swift; sourceTree = "<group>"; };
		908FE66825F5A30B007FBD3A /* Assets.xcassets */ = {isa = PBXFileReference; lastKnownFileType = folder.assetcatalog; path = Assets.xcassets; sourceTree = "<group>"; };
		908FE66B25F5A30B007FBD3A /* Preview Assets.xcassets */ = {isa = PBXFileReference; lastKnownFileType = folder.assetcatalog; path = "Preview Assets.xcassets"; sourceTree = "<group>"; };
		908FE66D25F5A30B007FBD3A /* Info.plist */ = {isa = PBXFileReference; lastKnownFileType = text.plist.xml; path = Info.plist; sourceTree = "<group>"; };
		908FE67D25F5A89B007FBD3A /* CircleImage.swift */ = {isa = PBXFileReference; lastKnownFileType = sourcecode.swift; path = CircleImage.swift; sourceTree = "<group>"; };
		908FE68025F5A935007FBD3A /* MapView.swift */ = {isa = PBXFileReference; lastKnownFileType = sourcecode.swift; path = MapView.swift; sourceTree = "<group>"; };
		908FE68325F5AE20007FBD3A /* landmarkData.json */ = {isa = PBXFileReference; fileEncoding = 4; lastKnownFileType = text.json; path = landmarkData.json; sourceTree = "<group>"; };
		908FE68625F5AE4C007FBD3A /* Landmark.swift */ = {isa = PBXFileReference; lastKnownFileType = sourcecode.swift; path = Landmark.swift; sourceTree = "<group>"; };
		908FE68A25F5AF9A007FBD3A /* ModelData.swift */ = {isa = PBXFileReference; lastKnownFileType = sourcecode.swift; path = ModelData.swift; sourceTree = "<group>"; };
		908FE69025F5B0E5007FBD3A /* LandmarkRow.swift */ = {isa = PBXFileReference; lastKnownFileType = sourcecode.swift; path = LandmarkRow.swift; sourceTree = "<group>"; };
		908FE69325F5B23E007FBD3A /* LandmarkList.swift */ = {isa = PBXFileReference; lastKnownFileType = sourcecode.swift; path = LandmarkList.swift; sourceTree = "<group>"; };
		908FE69625F5B439007FBD3A /* LandmarkDetail.swift */ = {isa = PBXFileReference; lastKnownFileType = sourcecode.swift; path = LandmarkDetail.swift; sourceTree = "<group>"; };
/* End PBXFileReference section */

/* Begin PBXFrameworksBuildPhase section */
		908FE65E25F5A30A007FBD3A /* Frameworks */ = {
			isa = PBXFrameworksBuildPhase;
			buildActionMask = 2147483647;
			files = (
			);
			runOnlyForDeploymentPostprocessing = 0;
		};
/* End PBXFrameworksBuildPhase section */

/* Begin PBXGroup section */
		908FE65825F5A30A007FBD3A = {
			isa = PBXGroup;
			children = (
				908FE66325F5A30A007FBD3A /* Landmarks */,
				908FE66225F5A30A007FBD3A /* Products */,
			);
			sourceTree = "<group>";
		};
		908FE66225F5A30A007FBD3A /* Products */ = {
			isa = PBXGroup;
			children = (
				908FE66125F5A30A007FBD3A /* Landmarks.app */,
			);
			name = Products;
			sourceTree = "<group>";
		};
		908FE66325F5A30A007FBD3A /* Landmarks */ = {
			isa = PBXGroup;
			children = (
				908FE66425F5A30A007FBD3A /* LandmarksApp.swift */,
				908FE68D25F5B085007FBD3A /* Views */,
				908FE68E25F5B098007FBD3A /* Model */,
				908FE68F25F5B0A9007FBD3A /* Resources */,
				908FE66825F5A30B007FBD3A /* Assets.xcassets */,
				908FE66D25F5A30B007FBD3A /* Info.plist */,
				908FE66A25F5A30B007FBD3A /* Preview Content */,
			);
			path = Landmarks;
			sourceTree = "<group>";
		};
		908FE66A25F5A30B007FBD3A /* Preview Content */ = {
			isa = PBXGroup;
			children = (
				908FE66B25F5A30B007FBD3A /* Preview Assets.xcassets */,
			);
			path = "Preview Content";
			sourceTree = "<group>";
		};
		908FE68D25F5B085007FBD3A /* Views */ = {
			isa = PBXGroup;
			children = (
				908FE66625F5A30A007FBD3A /* ContentView.swift */,
				908FE67D25F5A89B007FBD3A /* CircleImage.swift */,
				908FE69025F5B0E5007FBD3A /* LandmarkRow.swift */,
				908FE69325F5B23E007FBD3A /* LandmarkList.swift */,
				908FE69625F5B439007FBD3A /* LandmarkDetail.swift */,
				908FE68025F5A935007FBD3A /* MapView.swift */,
			);
			path = Views;
			sourceTree = "<group>";
		};
		908FE68E25F5B098007FBD3A /* Model */ = {
			isa = PBXGroup;
			children = (
				908FE68625F5AE4C007FBD3A /* Landmark.swift */,
				908FE68A25F5AF9A007FBD3A /* ModelData.swift */,
			);
			path = Model;
			sourceTree = "<group>";
		};
		908FE68F25F5B0A9007FBD3A /* Resources */ = {
			isa = PBXGroup;
			children = (
				908FE68325F5AE20007FBD3A /* landmarkData.json */,
			);
			path = Resources;
			sourceTree = "<group>";
		};
/* End PBXGroup section */

/* Begin PBXNativeTarget section */
		908FE66025F5A30A007FBD3A /* Landmarks */ = {
			isa = PBXNativeTarget;
			buildConfigurationList = 908FE67025F5A30B007FBD3A /* Build configuration list for PBXNativeTarget "Landmarks" */;
			buildPhases = (
				908FE65D25F5A30A007FBD3A /* Sources */,
				908FE65E25F5A30A007FBD3A /* Frameworks */,
				908FE65F25F5A30A007FBD3A /* Resources */,
			);
			buildRules = (
			);
			dependencies = (
			);
			name = Landmarks;
			productName = Landmarks;
			productReference = 908FE66125F5A30A007FBD3A /* Landmarks.app */;
			productType = "com.apple.product-type.application";
		};
/* End PBXNativeTarget section */

/* Begin PBXProject section */
		908FE65925F5A30A007FBD3A /* Project object */ = {
			isa = PBXProject;
			attributes = {
				LastSwiftUpdateCheck = 1240;
				LastUpgradeCheck = 1240;
				TargetAttributes = {
					908FE66025F5A30A007FBD3A = {
						CreatedOnToolsVersion = 12.4;
					};
				};
			};
			buildConfigurationList = 908FE65C25F5A30A007FBD3A /* Build configuration list for PBXProject "Landmarks" */;
			compatibilityVersion = "Xcode 9.3";
			developmentRegion = en;
			hasScannedForEncodings = 0;
			knownRegions = (
				en,
				Base,
			);
			mainGroup = 908FE65825F5A30A007FBD3A;
			productRefGroup = 908FE66225F5A30A007FBD3A /* Products */;
			projectDirPath = "";
			projectRoot = "";
			targets = (
				908FE66025F5A30A007FBD3A /* Landmarks */,
			);
		};
/* End PBXProject section */

/* Begin PBXResourcesBuildPhase section */
		908FE65F25F5A30A007FBD3A /* Resources */ = {
			isa = PBXResourcesBuildPhase;
			buildActionMask = 2147483647;
			files = (
				908FE66C25F5A30B007FBD3A /* Preview Assets.xcassets in Resources */,
				908FE66925F5A30B007FBD3A /* Assets.xcassets in Resources */,
				908FE68425F5AE20007FBD3A /* landmarkData.json in Resources */,
			);
			runOnlyForDeploymentPostprocessing = 0;
		};
/* End PBXResourcesBuildPhase section */

/* Begin PBXSourcesBuildPhase section */
		908FE65D25F5A30A007FBD3A /* Sources */ = {
			isa = PBXSourcesBuildPhase;
			buildActionMask = 2147483647;
			files = (
				908FE66725F5A30A007FBD3A /* ContentView.swift in Sources */,
				908FE68125F5A935007FBD3A /* MapView.swift in Sources */,
				908FE66525F5A30A007FBD3A /* LandmarksApp.swift in Sources */,
				908FE69425F5B23E007FBD3A /* LandmarkList.swift in Sources */,
				908FE69725F5B439007FBD3A /* LandmarkDetail.swift in Sources */,
				908FE67E25F5A89B007FBD3A /* CircleImage.swift in Sources */,
				908FE68725F5AE4C007FBD3A /* Landmark.swift in Sources */,
				908FE69125F5B0E5007FBD3A /* LandmarkRow.swift in Sources */,
				908FE68B25F5AF9A007FBD3A /* ModelData.swift in Sources */,
			);
			runOnlyForDeploymentPostprocessing = 0;
		};
/* End PBXSourcesBuildPhase section */

/* Begin XCBuildConfiguration section */
		908FE66E25F5A30B007FBD3A /* Debug */ = {
			isa = XCBuildConfiguration;
			buildSettings = {
				ALWAYS_SEARCH_USER_PATHS = NO;
				CLANG_ANALYZER_NONNULL = YES;
				CLANG_ANALYZER_NUMBER_OBJECT_CONVERSION = YES_AGGRESSIVE;
				CLANG_CXX_LANGUAGE_STANDARD = "gnu++14";
				CLANG_CXX_LIBRARY = "libc++";
				CLANG_ENABLE_MODULES = YES;
				CLANG_ENABLE_OBJC_ARC = YES;
				CLANG_ENABLE_OBJC_WEAK = YES;
				CLANG_WARN_BLOCK_CAPTURE_AUTORELEASING = YES;
				CLANG_WARN_BOOL_CONVERSION = YES;
				CLANG_WARN_COMMA = YES;
				CLANG_WARN_CONSTANT_CONVERSION = YES;
				CLANG_WARN_DEPRECATED_OBJC_IMPLEMENTATIONS = YES;
				CLANG_WARN_DIRECT_OBJC_ISA_USAGE = YES_ERROR;
				CLANG_WARN_DOCUMENTATION_COMMENTS = YES;
				CLANG_WARN_EMPTY_BODY = YES;
				CLANG_WARN_ENUM_CONVERSION = YES;
				CLANG_WARN_INFINITE_RECURSION = YES;
				CLANG_WARN_INT_CONVERSION = YES;
				CLANG_WARN_NON_LITERAL_NULL_CONVERSION = YES;
				CLANG_WARN_OBJC_IMPLICIT_RETAIN_SELF = YES;
				CLANG_WARN_OBJC_LITERAL_CONVERSION = YES;
				CLANG_WARN_OBJC_ROOT_CLASS = YES_ERROR;
				CLANG_WARN_QUOTED_INCLUDE_IN_FRAMEWORK_HEADER = YES;
				CLANG_WARN_RANGE_LOOP_ANALYSIS = YES;
				CLANG_WARN_STRICT_PROTOTYPES = YES;
				CLANG_WARN_SUSPICIOUS_MOVE = YES;
				CLANG_WARN_UNGUARDED_AVAILABILITY = YES_AGGRESSIVE;
				CLANG_WARN_UNREACHABLE_CODE = YES;
				CLANG_WARN__DUPLICATE_METHOD_MATCH = YES;
				COPY_PHASE_STRIP = NO;
				DEBUG_INFORMATION_FORMAT = dwarf;
				ENABLE_STRICT_OBJC_MSGSEND = YES;
				ENABLE_TESTABILITY = YES;
				GCC_C_LANGUAGE_STANDARD = gnu11;
				GCC_DYNAMIC_NO_PIC = NO;
				GCC_NO_COMMON_BLOCKS = YES;
				GCC_OPTIMIZATION_LEVEL = 0;
				GCC_PREPROCESSOR_DEFINITIONS = (
					"DEBUG=1",
					"$(inherited)",
				);
				GCC_WARN_64_TO_32_BIT_CONVERSION = YES;
				GCC_WARN_ABOUT_RETURN_TYPE = YES_ERROR;
				GCC_WARN_UNDECLARED_SELECTOR = YES;
				GCC_WARN_UNINITIALIZED_AUTOS = YES_AGGRESSIVE;
				GCC_WARN_UNUSED_FUNCTION = YES;
				GCC_WARN_UNUSED_VARIABLE = YES;
				IPHONEOS_DEPLOYMENT_TARGET = 14.4;
				MTL_ENABLE_DEBUG_INFO = INCLUDE_SOURCE;
				MTL_FAST_MATH = YES;
				ONLY_ACTIVE_ARCH = YES;
				SDKROOT = iphoneos;
				SWIFT_ACTIVE_COMPILATION_CONDITIONS = DEBUG;
				SWIFT_OPTIMIZATION_LEVEL = "-Onone";
			};
			name = Debug;
		};
		908FE66F25F5A30B007FBD3A /* Release */ = {
			isa = XCBuildConfiguration;
			buildSettings = {
				ALWAYS_SEARCH_USER_PATHS = NO;
				CLANG_ANALYZER_NONNULL = YES;
				CLANG_ANALYZER_NUMBER_OBJECT_CONVERSION = YES_AGGRESSIVE;
				CLANG_CXX_LANGUAGE_STANDARD = "gnu++14";
				CLANG_CXX_LIBRARY = "libc++";
				CLANG_ENABLE_MODULES = YES;
				CLANG_ENABLE_OBJC_ARC = YES;
				CLANG_ENABLE_OBJC_WEAK = YES;
				CLANG_WARN_BLOCK_CAPTURE_AUTORELEASING = YES;
				CLANG_WARN_BOOL_CONVERSION = YES;
				CLANG_WARN_COMMA = YES;
				CLANG_WARN_CONSTANT_CONVERSION = YES;
				CLANG_WARN_DEPRECATED_OBJC_IMPLEMENTATIONS = YES;
				CLANG_WARN_DIRECT_OBJC_ISA_USAGE = YES_ERROR;
				CLANG_WARN_DOCUMENTATION_COMMENTS = YES;
				CLANG_WARN_EMPTY_BODY = YES;
				CLANG_WARN_ENUM_CONVERSION = YES;
				CLANG_WARN_INFINITE_RECURSION = YES;
				CLANG_WARN_INT_CONVERSION = YES;
				CLANG_WARN_NON_LITERAL_NULL_CONVERSION = YES;
				CLANG_WARN_OBJC_IMPLICIT_RETAIN_SELF = YES;
				CLANG_WARN_OBJC_LITERAL_CONVERSION = YES;
				CLANG_WARN_OBJC_ROOT_CLASS = YES_ERROR;
				CLANG_WARN_QUOTED_INCLUDE_IN_FRAMEWORK_HEADER = YES;
				CLANG_WARN_RANGE_LOOP_ANALYSIS = YES;
				CLANG_WARN_STRICT_PROTOTYPES = YES;
				CLANG_WARN_SUSPICIOUS_MOVE = YES;
				CLANG_WARN_UNGUARDED_AVAILABILITY = YES_AGGRESSIVE;
				CLANG_WARN_UNREACHABLE_CODE = YES;
				CLANG_WARN__DUPLICATE_METHOD_MATCH = YES;
				COPY_PHASE_STRIP = NO;
				DEBUG_INFORMATION_FORMAT = "dwarf-with-dsym";
				ENABLE_NS_ASSERTIONS = NO;
				ENABLE_STRICT_OBJC_MSGSEND = YES;
				GCC_C_LANGUAGE_STANDARD = gnu11;
				GCC_NO_COMMON_BLOCKS = YES;
				GCC_WARN_64_TO_32_BIT_CONVERSION = YES;
				GCC_WARN_ABOUT_RETURN_TYPE = YES_ERROR;
				GCC_WARN_UNDECLARED_SELECTOR = YES;
				GCC_WARN_UNINITIALIZED_AUTOS = YES_AGGRESSIVE;
				GCC_WARN_UNUSED_FUNCTION = YES;
				GCC_WARN_UNUSED_VARIABLE = YES;
				IPHONEOS_DEPLOYMENT_TARGET = 14.4;
				MTL_ENABLE_DEBUG_INFO = NO;
				MTL_FAST_MATH = YES;
				SDKROOT = iphoneos;
				SWIFT_COMPILATION_MODE = wholemodule;
				SWIFT_OPTIMIZATION_LEVEL = "-O";
				VALIDATE_PRODUCT = YES;
			};
			name = Release;
		};
		908FE67125F5A30B007FBD3A /* Debug */ = {
			isa = XCBuildConfiguration;
			buildSettings = {
				ASSETCATALOG_COMPILER_APPICON_NAME = AppIcon;
				ASSETCATALOG_COMPILER_GLOBAL_ACCENT_COLOR_NAME = AccentColor;
				CODE_SIGN_STYLE = Automatic;
				DEVELOPMENT_ASSET_PATHS = "\"Landmarks/Preview Content\"";
				DEVELOPMENT_TEAM = AF24B35KPJ;
				ENABLE_PREVIEWS = YES;
				INFOPLIST_FILE = Landmarks/Info.plist;
				IPHONEOS_DEPLOYMENT_TARGET = 14.0;
				LD_RUNPATH_SEARCH_PATHS = (
					"$(inherited)",
					"@executable_path/Frameworks",
				);
				PRODUCT_BUNDLE_IDENTIFIER = dev.chamatt.Landmarks;
				PRODUCT_NAME = "$(TARGET_NAME)";
				SWIFT_VERSION = 5.0;
				TARGETED_DEVICE_FAMILY = "1,2";
			};
			name = Debug;
		};
		908FE67225F5A30B007FBD3A /* Release */ = {
			isa = XCBuildConfiguration;
			buildSettings = {
				ASSETCATALOG_COMPILER_APPICON_NAME = AppIcon;
				ASSETCATALOG_COMPILER_GLOBAL_ACCENT_COLOR_NAME = AccentColor;
				CODE_SIGN_STYLE = Automatic;
				DEVELOPMENT_ASSET_PATHS = "\"Landmarks/Preview Content\"";
				DEVELOPMENT_TEAM = AF24B35KPJ;
				ENABLE_PREVIEWS = YES;
				INFOPLIST_FILE = Landmarks/Info.plist;
				IPHONEOS_DEPLOYMENT_TARGET = 14.0;
				LD_RUNPATH_SEARCH_PATHS = (
					"$(inherited)",
					"@executable_path/Frameworks",
				);
				PRODUCT_BUNDLE_IDENTIFIER = dev.chamatt.Landmarks;
				PRODUCT_NAME = "$(TARGET_NAME)";
				SWIFT_VERSION = 5.0;
				TARGETED_DEVICE_FAMILY = "1,2";
			};
			name = Release;
		};
/* End XCBuildConfiguration section */

/* Begin XCConfigurationList section */
		908FE65C25F5A30A007FBD3A /* Build configuration list for PBXProject "Landmarks" */ = {
			isa = XCConfigurationList;
			buildConfigurations = (
				908FE66E25F5A30B007FBD3A /* Debug */,
				908FE66F25F5A30B007FBD3A /* Release */,
			);
			defaultConfigurationIsVisible = 0;
			defaultConfigurationName = Release;
		};
		908FE67025F5A30B007FBD3A /* Build configuration list for PBXNativeTarget "Landmarks" */ = {
			isa = XCConfigurationList;
			buildConfigurations = (
				908FE67125F5A30B007FBD3A /* Debug */,
				908FE67225F5A30B007FBD3A /* Release */,
			);
			defaultConfigurationIsVisible = 0;
			defaultConfigurationName = Release;
		};
/* End XCConfigurationList section */
	};
	rootObject = 908FE65925F5A30A007FBD3A /* Project object */;
}
